
Microsoft Visual Studio Solution File, Format Version 11.00
# Visual Studio 2010
Project("{FAE04EC0-301F-11D3-BF4B-00C04F79EFBC}") = "CodeWick", "CodeWick\CodeWick.csproj", "{131ABE65-D56F-485B-8EE6-9B58B4D3B372}"
EndProject
Project("{2150E333-8FDC-42A3-9474-1A3956D46DE8}") = ".nuget", ".nuget", "{77F2C736-FB72-4790-AEA8-7074463A3979}"
EndProject
Global
	GlobalSection(SolutionConfigurationPlatforms) = preSolution
		Debug|Any CPU = Debug|Any CPU
		Release|Any CPU = Release|Any CPU
	EndGlobalSection
	GlobalSection(ProjectConfigurationPlatforms) = postSolution
		{131ABE65-D56F-485B-8EE6-9B58B4D3B372}.Debug|Any CPU.ActiveCfg = Debug|Any CPU
		{131ABE65-D56F-485B-8EE6-9B58B4D3B372}.Debug|Any CPU.Build.0 = Debug|Any CPU
		{131ABE65-D56F-485B-8EE6-9B58B4D3B372}.Release|Any CPU.ActiveCfg = Release|Any CPU
		{131ABE65-D56F-485B-8EE6-9B58B4D3B372}.Release|Any CPU.Build.0 = Release|Any CPU
	EndGlobalSection
	GlobalSection(SolutionProperties) = preSolution
		HideSolutionNode = FALSE
	EndGlobalSection
	GlobalSection(SubversionScc) = preSolution
		Svn-Managed = True
		Manager = AnkhSVN - Subversion Support for Visual Studio
	EndGlobalSection
EndGlobal
